// !$*UTF8*$!
{
	archiveVersion = 1;
	classes = {
	};
	objectVersion = 46;
	objects = {

/* Begin PBXBuildFile section */
		1170FF061F1E866F009FBDFD /* ViewPhoto.swift in Sources */ = {isa = PBXBuildFile; fileRef = 1170FF051F1E866F009FBDFD /* ViewPhoto.swift */; };
		1170FF081F1E88E5009FBDFD /* PhotoViewController.swift in Sources */ = {isa = PBXBuildFile; fileRef = 1170FF071F1E88E5009FBDFD /* PhotoViewController.swift */; };
		1170FF0B1F1E8CF0009FBDFD /* Photos.framework in Frameworks */ = {isa = PBXBuildFile; fileRef = 1170FF0A1F1E8CF0009FBDFD /* Photos.framework */; };
		1170FF0D1F1E9BEB009FBDFD /* PhotoThumbnail.swift in Sources */ = {isa = PBXBuildFile; fileRef = 1170FF0C1F1E9BEB009FBDFD /* PhotoThumbnail.swift */; };
		11ED918F1F17C15A00698797 /* ImageViewController.swift in Sources */ = {isa = PBXBuildFile; fileRef = 11ED918E1F17C15A00698797 /* ImageViewController.swift */; };
		AF7DD4D31ED3AA28005C880E /* AppDelegate.swift in Sources */ = {isa = PBXBuildFile; fileRef = AF7DD4D21ED3AA28005C880E /* AppDelegate.swift */; };
		AF7DD4D51ED3AA28005C880E /* ViewController.swift in Sources */ = {isa = PBXBuildFile; fileRef = AF7DD4D41ED3AA28005C880E /* ViewController.swift */; };
		AF7DD4D81ED3AA28005C880E /* Main.storyboard in Resources */ = {isa = PBXBuildFile; fileRef = AF7DD4D61ED3AA28005C880E /* Main.storyboard */; };
		AF7DD4DA1ED3AA28005C880E /* Assets.xcassets in Resources */ = {isa = PBXBuildFile; fileRef = AF7DD4D91ED3AA28005C880E /* Assets.xcassets */; };
		AF7DD4DD1ED3AA28005C880E /* LaunchScreen.storyboard in Resources */ = {isa = PBXBuildFile; fileRef = AF7DD4DB1ED3AA28005C880E /* LaunchScreen.storyboard */; };
		E96B07D31F27BC9600A21C82 /* ColorCollectionViewCell.swift in Sources */ = {isa = PBXBuildFile; fileRef = E96B07B11F27BC9600A21C82 /* ColorCollectionViewCell.swift */; };
		E96B07D41F27BC9600A21C82 /* ColorCollectionViewCell.xib in Resources */ = {isa = PBXBuildFile; fileRef = E96B07B21F27BC9600A21C82 /* ColorCollectionViewCell.xib */; };
		E96B07D51F27BC9600A21C82 /* ColorsCollectionViewDelegate.swift in Sources */ = {isa = PBXBuildFile; fileRef = E96B07B31F27BC9600A21C82 /* ColorsCollectionViewDelegate.swift */; };
		E96B07D61F27BC9600A21C82 /* CropRectView.swift in Sources */ = {isa = PBXBuildFile; fileRef = E96B07B41F27BC9600A21C82 /* CropRectView.swift */; };
		E96B07D71F27BC9600A21C82 /* CropView.swift in Sources */ = {isa = PBXBuildFile; fileRef = E96B07B51F27BC9600A21C82 /* CropView.swift */; };
		E96B07D81F27BC9600A21C82 /* CropViewController.swift in Sources */ = {isa = PBXBuildFile; fileRef = E96B07B61F27BC9600A21C82 /* CropViewController.swift */; };
		E96B07D91F27BC9600A21C82 /* EmojiCollectionViewCell.swift in Sources */ = {isa = PBXBuildFile; fileRef = E96B07B71F27BC9600A21C82 /* EmojiCollectionViewCell.swift */; };
		E96B07DA1F27BC9600A21C82 /* EmojiCollectionViewCell.xib in Resources */ = {isa = PBXBuildFile; fileRef = E96B07B81F27BC9600A21C82 /* EmojiCollectionViewCell.xib */; };
		E96B07DB1F27BC9600A21C82 /* EmojisCollectionViewDelegate.swift in Sources */ = {isa = PBXBuildFile; fileRef = E96B07B91F27BC9600A21C82 /* EmojisCollectionViewDelegate.swift */; };
		E96B07DC1F27BC9600A21C82 /* GradientView.swift in Sources */ = {isa = PBXBuildFile; fileRef = E96B07BA1F27BC9600A21C82 /* GradientView.swift */; };
		E96B07DD1F27BC9600A21C82 /* icomoon.ttf in Resources */ = {isa = PBXBuildFile; fileRef = E96B07BB1F27BC9600A21C82 /* icomoon.ttf */; };
		E96B07E11F27BC9600A21C82 /* PhotoEditor+Controls.swift in Sources */ = {isa = PBXBuildFile; fileRef = E96B07BF1F27BC9600A21C82 /* PhotoEditor+Controls.swift */; };
		E96B07E21F27BC9600A21C82 /* PhotoEditor+Crop.swift in Sources */ = {isa = PBXBuildFile; fileRef = E96B07C01F27BC9600A21C82 /* PhotoEditor+Crop.swift */; };
		E96B07E31F27BC9600A21C82 /* PhotoEditor+Drawing.swift in Sources */ = {isa = PBXBuildFile; fileRef = E96B07C11F27BC9600A21C82 /* PhotoEditor+Drawing.swift */; };
		E96B07E41F27BC9600A21C82 /* PhotoEditor+Font.swift in Sources */ = {isa = PBXBuildFile; fileRef = E96B07C21F27BC9600A21C82 /* PhotoEditor+Font.swift */; };
		E96B07E51F27BC9600A21C82 /* PhotoEditor+Gestures.swift in Sources */ = {isa = PBXBuildFile; fileRef = E96B07C31F27BC9600A21C82 /* PhotoEditor+Gestures.swift */; };
		E96B07E61F27BC9600A21C82 /* PhotoEditor+Keyboard.swift in Sources */ = {isa = PBXBuildFile; fileRef = E96B07C41F27BC9600A21C82 /* PhotoEditor+Keyboard.swift */; };
		E96B07E71F27BC9600A21C82 /* PhotoEditor+StickersViewController.swift in Sources */ = {isa = PBXBuildFile; fileRef = E96B07C51F27BC9600A21C82 /* PhotoEditor+StickersViewController.swift */; };
		E96B07E81F27BC9600A21C82 /* PhotoEditor+UITextView.swift in Sources */ = {isa = PBXBuildFile; fileRef = E96B07C61F27BC9600A21C82 /* PhotoEditor+UITextView.swift */; };
		E96B07E91F27BC9600A21C82 /* PhotoEditorViewController.swift in Sources */ = {isa = PBXBuildFile; fileRef = E96B07C71F27BC9600A21C82 /* PhotoEditorViewController.swift */; };
		E96B07EA1F27BC9600A21C82 /* PhotoEditorViewController.xib in Resources */ = {isa = PBXBuildFile; fileRef = E96B07C81F27BC9600A21C82 /* PhotoEditorViewController.xib */; };
		E96B07EB1F27BC9600A21C82 /* Protocols.swift in Sources */ = {isa = PBXBuildFile; fileRef = E96B07C91F27BC9600A21C82 /* Protocols.swift */; };
		E96B07EC1F27BC9600A21C82 /* ResizeControl.swift in Sources */ = {isa = PBXBuildFile; fileRef = E96B07CA1F27BC9600A21C82 /* ResizeControl.swift */; };
		E96B07ED1F27BC9600A21C82 /* StickerCollectionViewCell.swift in Sources */ = {isa = PBXBuildFile; fileRef = E96B07CB1F27BC9600A21C82 /* StickerCollectionViewCell.swift */; };
		E96B07EE1F27BC9600A21C82 /* StickerCollectionViewCell.xib in Resources */ = {isa = PBXBuildFile; fileRef = E96B07CC1F27BC9600A21C82 /* StickerCollectionViewCell.xib */; };
		E96B07EF1F27BC9600A21C82 /* StickersViewController.swift in Sources */ = {isa = PBXBuildFile; fileRef = E96B07CD1F27BC9600A21C82 /* StickersViewController.swift */; };
		E96B07F01F27BC9600A21C82 /* StickersViewController.xib in Resources */ = {isa = PBXBuildFile; fileRef = E96B07CE1F27BC9600A21C82 /* StickersViewController.xib */; };
		E96B07F11F27BC9600A21C82 /* UIImage+Crop.swift in Sources */ = {isa = PBXBuildFile; fileRef = E96B07CF1F27BC9600A21C82 /* UIImage+Crop.swift */; };
		E96B07F21F27BC9600A21C82 /* UIImage+Size.swift in Sources */ = {isa = PBXBuildFile; fileRef = E96B07D01F27BC9600A21C82 /* UIImage+Size.swift */; };
		E96B07F31F27BC9600A21C82 /* UIImageView+Alpha.swift in Sources */ = {isa = PBXBuildFile; fileRef = E96B07D11F27BC9600A21C82 /* UIImageView+Alpha.swift */; };
		E96B07F41F27BC9600A21C82 /* UIView+Image.swift in Sources */ = {isa = PBXBuildFile; fileRef = E96B07D21F27BC9600A21C82 /* UIView+Image.swift */; };
		F4D077821EDC0A91001B0881 /* CameraController.swift in Sources */ = {isa = PBXBuildFile; fileRef = F4D077811EDC0A91001B0881 /* CameraController.swift */; };
/* End PBXBuildFile section */

/* Begin PBXFileReference section */
		1170FF051F1E866F009FBDFD /* ViewPhoto.swift */ = {isa = PBXFileReference; fileEncoding = 4; lastKnownFileType = sourcecode.swift; path = ViewPhoto.swift; sourceTree = "<group>"; };
		1170FF071F1E88E5009FBDFD /* PhotoViewController.swift */ = {isa = PBXFileReference; fileEncoding = 4; lastKnownFileType = sourcecode.swift; path = PhotoViewController.swift; sourceTree = "<group>"; };
		1170FF0A1F1E8CF0009FBDFD /* Photos.framework */ = {isa = PBXFileReference; lastKnownFileType = wrapper.framework; name = Photos.framework; path = System/Library/Frameworks/Photos.framework; sourceTree = SDKROOT; };
		1170FF0C1F1E9BEB009FBDFD /* PhotoThumbnail.swift */ = {isa = PBXFileReference; fileEncoding = 4; lastKnownFileType = sourcecode.swift; path = PhotoThumbnail.swift; sourceTree = "<group>"; };
		11ED918E1F17C15A00698797 /* ImageViewController.swift */ = {isa = PBXFileReference; fileEncoding = 4; lastKnownFileType = sourcecode.swift; path = ImageViewController.swift; sourceTree = "<group>"; };
		AF7DD4CF1ED3AA28005C880E /* AV Foundation.app */ = {isa = PBXFileReference; explicitFileType = wrapper.application; includeInIndex = 0; path = "AV Foundation.app"; sourceTree = BUILT_PRODUCTS_DIR; };
		AF7DD4D21ED3AA28005C880E /* AppDelegate.swift */ = {isa = PBXFileReference; lastKnownFileType = sourcecode.swift; path = AppDelegate.swift; sourceTree = "<group>"; };
		AF7DD4D41ED3AA28005C880E /* ViewController.swift */ = {isa = PBXFileReference; lastKnownFileType = sourcecode.swift; name = ViewController.swift; path = "AV Foundation/ViewController.swift"; sourceTree = "<group>"; };
		AF7DD4D71ED3AA28005C880E /* Base */ = {isa = PBXFileReference; lastKnownFileType = file.storyboard; name = Base; path = Base.lproj/Main.storyboard; sourceTree = "<group>"; };
		AF7DD4D91ED3AA28005C880E /* Assets.xcassets */ = {isa = PBXFileReference; lastKnownFileType = folder.assetcatalog; name = Assets.xcassets; path = "AV Foundation/Assets.xcassets"; sourceTree = "<group>"; };
		AF7DD4DC1ED3AA28005C880E /* Base */ = {isa = PBXFileReference; lastKnownFileType = file.storyboard; name = Base; path = Base.lproj/LaunchScreen.storyboard; sourceTree = "<group>"; };
		AF7DD4DE1ED3AA28005C880E /* Info.plist */ = {isa = PBXFileReference; lastKnownFileType = text.plist.xml; path = Info.plist; sourceTree = "<group>"; };
		E96B07B11F27BC9600A21C82 /* ColorCollectionViewCell.swift */ = {isa = PBXFileReference; fileEncoding = 4; lastKnownFileType = sourcecode.swift; path = ColorCollectionViewCell.swift; sourceTree = "<group>"; };
		E96B07B21F27BC9600A21C82 /* ColorCollectionViewCell.xib */ = {isa = PBXFileReference; fileEncoding = 4; lastKnownFileType = file.xib; path = ColorCollectionViewCell.xib; sourceTree = "<group>"; };
		E96B07B31F27BC9600A21C82 /* ColorsCollectionViewDelegate.swift */ = {isa = PBXFileReference; fileEncoding = 4; lastKnownFileType = sourcecode.swift; path = ColorsCollectionViewDelegate.swift; sourceTree = "<group>"; };
		E96B07B41F27BC9600A21C82 /* CropRectView.swift */ = {isa = PBXFileReference; fileEncoding = 4; lastKnownFileType = sourcecode.swift; path = CropRectView.swift; sourceTree = "<group>"; };
		E96B07B51F27BC9600A21C82 /* CropView.swift */ = {isa = PBXFileReference; fileEncoding = 4; lastKnownFileType = sourcecode.swift; path = CropView.swift; sourceTree = "<group>"; };
		E96B07B61F27BC9600A21C82 /* CropViewController.swift */ = {isa = PBXFileReference; fileEncoding = 4; lastKnownFileType = sourcecode.swift; path = CropViewController.swift; sourceTree = "<group>"; };
		E96B07B71F27BC9600A21C82 /* EmojiCollectionViewCell.swift */ = {isa = PBXFileReference; fileEncoding = 4; lastKnownFileType = sourcecode.swift; path = EmojiCollectionViewCell.swift; sourceTree = "<group>"; };
		E96B07B81F27BC9600A21C82 /* EmojiCollectionViewCell.xib */ = {isa = PBXFileReference; fileEncoding = 4; lastKnownFileType = file.xib; path = EmojiCollectionViewCell.xib; sourceTree = "<group>"; };
		E96B07B91F27BC9600A21C82 /* EmojisCollectionViewDelegate.swift */ = {isa = PBXFileReference; fileEncoding = 4; lastKnownFileType = sourcecode.swift; path = EmojisCollectionViewDelegate.swift; sourceTree = "<group>"; };
		E96B07BA1F27BC9600A21C82 /* GradientView.swift */ = {isa = PBXFileReference; fileEncoding = 4; lastKnownFileType = sourcecode.swift; path = GradientView.swift; sourceTree = "<group>"; };
		E96B07BB1F27BC9600A21C82 /* icomoon.ttf */ = {isa = PBXFileReference; lastKnownFileType = file; path = icomoon.ttf; sourceTree = "<group>"; };
		E96B07BF1F27BC9600A21C82 /* PhotoEditor+Controls.swift */ = {isa = PBXFileReference; fileEncoding = 4; lastKnownFileType = sourcecode.swift; path = "PhotoEditor+Controls.swift"; sourceTree = "<group>"; };
		E96B07C01F27BC9600A21C82 /* PhotoEditor+Crop.swift */ = {isa = PBXFileReference; fileEncoding = 4; lastKnownFileType = sourcecode.swift; path = "PhotoEditor+Crop.swift"; sourceTree = "<group>"; };
		E96B07C11F27BC9600A21C82 /* PhotoEditor+Drawing.swift */ = {isa = PBXFileReference; fileEncoding = 4; lastKnownFileType = sourcecode.swift; path = "PhotoEditor+Drawing.swift"; sourceTree = "<group>"; };
		E96B07C21F27BC9600A21C82 /* PhotoEditor+Font.swift */ = {isa = PBXFileReference; fileEncoding = 4; lastKnownFileType = sourcecode.swift; path = "PhotoEditor+Font.swift"; sourceTree = "<group>"; };
		E96B07C31F27BC9600A21C82 /* PhotoEditor+Gestures.swift */ = {isa = PBXFileReference; fileEncoding = 4; lastKnownFileType = sourcecode.swift; path = "PhotoEditor+Gestures.swift"; sourceTree = "<group>"; };
		E96B07C41F27BC9600A21C82 /* PhotoEditor+Keyboard.swift */ = {isa = PBXFileReference; fileEncoding = 4; lastKnownFileType = sourcecode.swift; path = "PhotoEditor+Keyboard.swift"; sourceTree = "<group>"; };
		E96B07C51F27BC9600A21C82 /* PhotoEditor+StickersViewController.swift */ = {isa = PBXFileReference; fileEncoding = 4; lastKnownFileType = sourcecode.swift; path = "PhotoEditor+StickersViewController.swift"; sourceTree = "<group>"; };
		E96B07C61F27BC9600A21C82 /* PhotoEditor+UITextView.swift */ = {isa = PBXFileReference; fileEncoding = 4; lastKnownFileType = sourcecode.swift; path = "PhotoEditor+UITextView.swift"; sourceTree = "<group>"; };
		E96B07C71F27BC9600A21C82 /* PhotoEditorViewController.swift */ = {isa = PBXFileReference; fileEncoding = 4; lastKnownFileType = sourcecode.swift; path = PhotoEditorViewController.swift; sourceTree = "<group>"; };
		E96B07C81F27BC9600A21C82 /* PhotoEditorViewController.xib */ = {isa = PBXFileReference; fileEncoding = 4; lastKnownFileType = file.xib; path = PhotoEditorViewController.xib; sourceTree = "<group>"; };
		E96B07C91F27BC9600A21C82 /* Protocols.swift */ = {isa = PBXFileReference; fileEncoding = 4; lastKnownFileType = sourcecode.swift; path = Protocols.swift; sourceTree = "<group>"; };
		E96B07CA1F27BC9600A21C82 /* ResizeControl.swift */ = {isa = PBXFileReference; fileEncoding = 4; lastKnownFileType = sourcecode.swift; path = ResizeControl.swift; sourceTree = "<group>"; };
		E96B07CB1F27BC9600A21C82 /* StickerCollectionViewCell.swift */ = {isa = PBXFileReference; fileEncoding = 4; lastKnownFileType = sourcecode.swift; path = StickerCollectionViewCell.swift; sourceTree = "<group>"; };
		E96B07CC1F27BC9600A21C82 /* StickerCollectionViewCell.xib */ = {isa = PBXFileReference; fileEncoding = 4; lastKnownFileType = file.xib; path = StickerCollectionViewCell.xib; sourceTree = "<group>"; };
		E96B07CD1F27BC9600A21C82 /* StickersViewController.swift */ = {isa = PBXFileReference; fileEncoding = 4; lastKnownFileType = sourcecode.swift; path = StickersViewController.swift; sourceTree = "<group>"; };
		E96B07CE1F27BC9600A21C82 /* StickersViewController.xib */ = {isa = PBXFileReference; fileEncoding = 4; lastKnownFileType = file.xib; path = StickersViewController.xib; sourceTree = "<group>"; };
		E96B07CF1F27BC9600A21C82 /* UIImage+Crop.swift */ = {isa = PBXFileReference; fileEncoding = 4; lastKnownFileType = sourcecode.swift; path = "UIImage+Crop.swift"; sourceTree = "<group>"; };
		E96B07D01F27BC9600A21C82 /* UIImage+Size.swift */ = {isa = PBXFileReference; fileEncoding = 4; lastKnownFileType = sourcecode.swift; path = "UIImage+Size.swift"; sourceTree = "<group>"; };
		E96B07D11F27BC9600A21C82 /* UIImageView+Alpha.swift */ = {isa = PBXFileReference; fileEncoding = 4; lastKnownFileType = sourcecode.swift; path = "UIImageView+Alpha.swift"; sourceTree = "<group>"; };
		E96B07D21F27BC9600A21C82 /* UIView+Image.swift */ = {isa = PBXFileReference; fileEncoding = 4; lastKnownFileType = sourcecode.swift; path = "UIView+Image.swift"; sourceTree = "<group>"; };
		F4D077811EDC0A91001B0881 /* CameraController.swift */ = {isa = PBXFileReference; fileEncoding = 4; lastKnownFileType = sourcecode.swift; path = CameraController.swift; sourceTree = "<group>"; };
/* End PBXFileReference section */

/* Begin PBXFrameworksBuildPhase section */
		AF7DD4CC1ED3AA28005C880E /* Frameworks */ = {
			isa = PBXFrameworksBuildPhase;
			buildActionMask = 2147483647;
			files = (
				1170FF0B1F1E8CF0009FBDFD /* Photos.framework in Frameworks */,
			);
			runOnlyForDeploymentPostprocessing = 0;
		};
/* End PBXFrameworksBuildPhase section */

/* Begin PBXGroup section */
		1170FF091F1E8CF0009FBDFD /* Frameworks */ = {
			isa = PBXGroup;
			children = (
				1170FF0A1F1E8CF0009FBDFD /* Photos.framework */,
			);
			name = Frameworks;
			sourceTree = "<group>";
		};
		11C9B9AB1F266584004B1C4D /* Camera */ = {
			isa = PBXGroup;
			children = (
				F4D077811EDC0A91001B0881 /* CameraController.swift */,
			);
			name = Camera;
			sourceTree = "<group>";
		};
		11C9B9AC1F266596004B1C4D /* Image */ = {
			isa = PBXGroup;
			children = (
				1170FF0C1F1E9BEB009FBDFD /* PhotoThumbnail.swift */,
				1170FF071F1E88E5009FBDFD /* PhotoViewController.swift */,
				1170FF051F1E866F009FBDFD /* ViewPhoto.swift */,
				11ED918E1F17C15A00698797 /* ImageViewController.swift */,
			);
			name = Image;
			sourceTree = "<group>";
		};
		AF7DD4C61ED3AA28005C880E = {
			isa = PBXGroup;
			children = (
				E96B07B01F27BC5300A21C82 /* PhotoEditor */,
				11C9B9AC1F266596004B1C4D /* Image */,
				11C9B9AB1F266584004B1C4D /* Camera */,
				AF7DD4D61ED3AA28005C880E /* Main.storyboard */,
				AF7DD4D41ED3AA28005C880E /* ViewController.swift */,
				AF7DD4D91ED3AA28005C880E /* Assets.xcassets */,
				AF7DD4D11ED3AA28005C880E /* AV Foundation */,
				AF7DD4D01ED3AA28005C880E /* Products */,
				1170FF091F1E8CF0009FBDFD /* Frameworks */,
			);
			sourceTree = "<group>";
		};
		AF7DD4D01ED3AA28005C880E /* Products */ = {
			isa = PBXGroup;
			children = (
				AF7DD4CF1ED3AA28005C880E /* AV Foundation.app */,
			);
			name = Products;
			sourceTree = "<group>";
		};
		AF7DD4D11ED3AA28005C880E /* AV Foundation */ = {
			isa = PBXGroup;
			children = (
				AF7DD4D21ED3AA28005C880E /* AppDelegate.swift */,
				AF7DD4DB1ED3AA28005C880E /* LaunchScreen.storyboard */,
				AF7DD4DE1ED3AA28005C880E /* Info.plist */,
			);
			path = "AV Foundation";
			sourceTree = "<group>";
		};
		E96B07B01F27BC5300A21C82 /* PhotoEditor */ = {
			isa = PBXGroup;
			children = (
				E96B07B11F27BC9600A21C82 /* ColorCollectionViewCell.swift */,
				E96B07B21F27BC9600A21C82 /* ColorCollectionViewCell.xib */,
				E96B07B31F27BC9600A21C82 /* ColorsCollectionViewDelegate.swift */,
				E96B07B41F27BC9600A21C82 /* CropRectView.swift */,
				E96B07B51F27BC9600A21C82 /* CropView.swift */,
				E96B07B61F27BC9600A21C82 /* CropViewController.swift */,
				E96B07B71F27BC9600A21C82 /* EmojiCollectionViewCell.swift */,
				E96B07B81F27BC9600A21C82 /* EmojiCollectionViewCell.xib */,
				E96B07B91F27BC9600A21C82 /* EmojisCollectionViewDelegate.swift */,
				E96B07BA1F27BC9600A21C82 /* GradientView.swift */,
				E96B07BB1F27BC9600A21C82 /* icomoon.ttf */,
				E96B07BF1F27BC9600A21C82 /* PhotoEditor+Controls.swift */,
				E96B07C01F27BC9600A21C82 /* PhotoEditor+Crop.swift */,
				E96B07C11F27BC9600A21C82 /* PhotoEditor+Drawing.swift */,
				E96B07C21F27BC9600A21C82 /* PhotoEditor+Font.swift */,
				E96B07C31F27BC9600A21C82 /* PhotoEditor+Gestures.swift */,
				E96B07C41F27BC9600A21C82 /* PhotoEditor+Keyboard.swift */,
				E96B07C51F27BC9600A21C82 /* PhotoEditor+StickersViewController.swift */,
				E96B07C61F27BC9600A21C82 /* PhotoEditor+UITextView.swift */,
				E96B07C71F27BC9600A21C82 /* PhotoEditorViewController.swift */,
				E96B07C81F27BC9600A21C82 /* PhotoEditorViewController.xib */,
				E96B07C91F27BC9600A21C82 /* Protocols.swift */,
				E96B07CA1F27BC9600A21C82 /* ResizeControl.swift */,
				E96B07CB1F27BC9600A21C82 /* StickerCollectionViewCell.swift */,
				E96B07CC1F27BC9600A21C82 /* StickerCollectionViewCell.xib */,
				E96B07CD1F27BC9600A21C82 /* StickersViewController.swift */,
				E96B07CE1F27BC9600A21C82 /* StickersViewController.xib */,
				E96B07CF1F27BC9600A21C82 /* UIImage+Crop.swift */,
				E96B07D01F27BC9600A21C82 /* UIImage+Size.swift */,
				E96B07D11F27BC9600A21C82 /* UIImageView+Alpha.swift */,
				E96B07D21F27BC9600A21C82 /* UIView+Image.swift */,
			);
			name = PhotoEditor;
			sourceTree = "<group>";
		};
/* End PBXGroup section */

/* Begin PBXNativeTarget section */
		AF7DD4CE1ED3AA28005C880E /* AV Foundation */ = {
			isa = PBXNativeTarget;
			buildConfigurationList = AF7DD4E11ED3AA28005C880E /* Build configuration list for PBXNativeTarget "AV Foundation" */;
			buildPhases = (
				AF7DD4CB1ED3AA28005C880E /* Sources */,
				AF7DD4CC1ED3AA28005C880E /* Frameworks */,
				AF7DD4CD1ED3AA28005C880E /* Resources */,
			);
			buildRules = (
			);
			dependencies = (
			);
			name = "AV Foundation";
			productName = "AV Foundation";
			productReference = AF7DD4CF1ED3AA28005C880E /* AV Foundation.app */;
			productType = "com.apple.product-type.application";
		};
/* End PBXNativeTarget section */

/* Begin PBXProject section */
		AF7DD4C71ED3AA28005C880E /* Project object */ = {
			isa = PBXProject;
			attributes = {
				LastSwiftUpdateCheck = 0830;
				LastUpgradeCheck = 0830;
				ORGANIZATIONNAME = "Pranjal Satija";
				TargetAttributes = {
					AF7DD4CE1ED3AA28005C880E = {
						CreatedOnToolsVersion = 8.3.2;
						DevelopmentTeam = ZTN88XGAW4;
						ProvisioningStyle = Automatic;
					};
				};
			};
			buildConfigurationList = AF7DD4CA1ED3AA28005C880E /* Build configuration list for PBXProject "AV Foundation" */;
			compatibilityVersion = "Xcode 3.2";
			developmentRegion = English;
			hasScannedForEncodings = 0;
			knownRegions = (
				en,
				Base,
			);
			mainGroup = AF7DD4C61ED3AA28005C880E;
			productRefGroup = AF7DD4D01ED3AA28005C880E /* Products */;
			projectDirPath = "";
			projectRoot = "";
			targets = (
				AF7DD4CE1ED3AA28005C880E /* AV Foundation */,
			);
		};
/* End PBXProject section */

/* Begin PBXResourcesBuildPhase section */
		AF7DD4CD1ED3AA28005C880E /* Resources */ = {
			isa = PBXResourcesBuildPhase;
			buildActionMask = 2147483647;
			files = (
				E96B07EA1F27BC9600A21C82 /* PhotoEditorViewController.xib in Resources */,
				E96B07F01F27BC9600A21C82 /* StickersViewController.xib in Resources */,
				AF7DD4DD1ED3AA28005C880E /* LaunchScreen.storyboard in Resources */,
				AF7DD4DA1ED3AA28005C880E /* Assets.xcassets in Resources */,
				E96B07EE1F27BC9600A21C82 /* StickerCollectionViewCell.xib in Resources */,
				E96B07D41F27BC9600A21C82 /* ColorCollectionViewCell.xib in Resources */,
				E96B07DD1F27BC9600A21C82 /* icomoon.ttf in Resources */,
				AF7DD4D81ED3AA28005C880E /* Main.storyboard in Resources */,
				E96B07DA1F27BC9600A21C82 /* EmojiCollectionViewCell.xib in Resources */,
			);
			runOnlyForDeploymentPostprocessing = 0;
		};
/* End PBXResourcesBuildPhase section */

/* Begin PBXSourcesBuildPhase section */
		AF7DD4CB1ED3AA28005C880E /* Sources */ = {
			isa = PBXSourcesBuildPhase;
			buildActionMask = 2147483647;
			files = (
				E96B07E31F27BC9600A21C82 /* PhotoEditor+Drawing.swift in Sources */,
				E96B07D91F27BC9600A21C82 /* EmojiCollectionViewCell.swift in Sources */,
				E96B07E91F27BC9600A21C82 /* PhotoEditorViewController.swift in Sources */,
				F4D077821EDC0A91001B0881 /* CameraController.swift in Sources */,
				E96B07DC1F27BC9600A21C82 /* GradientView.swift in Sources */,
				E96B07EC1F27BC9600A21C82 /* ResizeControl.swift in Sources */,
				E96B07F31F27BC9600A21C82 /* UIImageView+Alpha.swift in Sources */,
				E96B07F21F27BC9600A21C82 /* UIImage+Size.swift in Sources */,
				E96B07EB1F27BC9600A21C82 /* Protocols.swift in Sources */,
				E96B07D71F27BC9600A21C82 /* CropView.swift in Sources */,
				E96B07D81F27BC9600A21C82 /* CropViewController.swift in Sources */,
				E96B07E41F27BC9600A21C82 /* PhotoEditor+Font.swift in Sources */,
				E96B07E11F27BC9600A21C82 /* PhotoEditor+Controls.swift in Sources */,
				E96B07E71F27BC9600A21C82 /* PhotoEditor+StickersViewController.swift in Sources */,
				AF7DD4D51ED3AA28005C880E /* ViewController.swift in Sources */,
				1170FF0D1F1E9BEB009FBDFD /* PhotoThumbnail.swift in Sources */,
				11ED918F1F17C15A00698797 /* ImageViewController.swift in Sources */,
				1170FF061F1E866F009FBDFD /* ViewPhoto.swift in Sources */,
				AF7DD4D31ED3AA28005C880E /* AppDelegate.swift in Sources */,
				E96B07E61F27BC9600A21C82 /* PhotoEditor+Keyboard.swift in Sources */,
				E96B07F41F27BC9600A21C82 /* UIView+Image.swift in Sources */,
				E96B07EF1F27BC9600A21C82 /* StickersViewController.swift in Sources */,
				E96B07ED1F27BC9600A21C82 /* StickerCollectionViewCell.swift in Sources */,
				E96B07E21F27BC9600A21C82 /* PhotoEditor+Crop.swift in Sources */,
				E96B07F11F27BC9600A21C82 /* UIImage+Crop.swift in Sources */,
				E96B07D31F27BC9600A21C82 /* ColorCollectionViewCell.swift in Sources */,
				E96B07E51F27BC9600A21C82 /* PhotoEditor+Gestures.swift in Sources */,
				E96B07E81F27BC9600A21C82 /* PhotoEditor+UITextView.swift in Sources */,
				E96B07DB1F27BC9600A21C82 /* EmojisCollectionViewDelegate.swift in Sources */,
				E96B07D51F27BC9600A21C82 /* ColorsCollectionViewDelegate.swift in Sources */,
				E96B07D61F27BC9600A21C82 /* CropRectView.swift in Sources */,
				1170FF081F1E88E5009FBDFD /* PhotoViewController.swift in Sources */,
			);
			runOnlyForDeploymentPostprocessing = 0;
		};
/* End PBXSourcesBuildPhase section */

/* Begin PBXVariantGroup section */
		AF7DD4D61ED3AA28005C880E /* Main.storyboard */ = {
			isa = PBXVariantGroup;
			children = (
				AF7DD4D71ED3AA28005C880E /* Base */,
			);
			name = Main.storyboard;
			path = "AV Foundation";
			sourceTree = "<group>";
		};
		AF7DD4DB1ED3AA28005C880E /* LaunchScreen.storyboard */ = {
			isa = PBXVariantGroup;
			children = (
				AF7DD4DC1ED3AA28005C880E /* Base */,
			);
			name = LaunchScreen.storyboard;
			sourceTree = "<group>";
		};
/* End PBXVariantGroup section */

/* Begin XCBuildConfiguration section */
		AF7DD4DF1ED3AA28005C880E /* Debug */ = {
			isa = XCBuildConfiguration;
			buildSettings = {
				ALWAYS_SEARCH_USER_PATHS = NO;
				CLANG_ANALYZER_NONNULL = YES;
				CLANG_ANALYZER_NUMBER_OBJECT_CONVERSION = YES_AGGRESSIVE;
				CLANG_CXX_LANGUAGE_STANDARD = "gnu++0x";
				CLANG_CXX_LIBRARY = "libc++";
				CLANG_ENABLE_MODULES = YES;
				CLANG_ENABLE_OBJC_ARC = YES;
				CLANG_WARN_BOOL_CONVERSION = YES;
				CLANG_WARN_CONSTANT_CONVERSION = YES;
				CLANG_WARN_DIRECT_OBJC_ISA_USAGE = YES_ERROR;
				CLANG_WARN_DOCUMENTATION_COMMENTS = YES;
				CLANG_WARN_EMPTY_BODY = YES;
				CLANG_WARN_ENUM_CONVERSION = YES;
				CLANG_WARN_INFINITE_RECURSION = YES;
				CLANG_WARN_INT_CONVERSION = YES;
				CLANG_WARN_OBJC_ROOT_CLASS = YES_ERROR;
				CLANG_WARN_SUSPICIOUS_MOVE = YES;
				CLANG_WARN_UNREACHABLE_CODE = YES;
				CLANG_WARN__DUPLICATE_METHOD_MATCH = YES;
				"CODE_SIGN_IDENTITY[sdk=iphoneos*]" = "iPhone Developer";
				COPY_PHASE_STRIP = NO;
				DEBUG_INFORMATION_FORMAT = dwarf;
				ENABLE_STRICT_OBJC_MSGSEND = YES;
				ENABLE_TESTABILITY = YES;
				GCC_C_LANGUAGE_STANDARD = gnu99;
				GCC_DYNAMIC_NO_PIC = NO;
				GCC_NO_COMMON_BLOCKS = YES;
				GCC_OPTIMIZATION_LEVEL = 0;
				GCC_PREPROCESSOR_DEFINITIONS = (
					"DEBUG=1",
					"$(inherited)",
				);
				GCC_WARN_64_TO_32_BIT_CONVERSION = YES;
				GCC_WARN_ABOUT_RETURN_TYPE = YES_ERROR;
				GCC_WARN_UNDECLARED_SELECTOR = YES;
				GCC_WARN_UNINITIALIZED_AUTOS = YES_AGGRESSIVE;
				GCC_WARN_UNUSED_FUNCTION = YES;
				GCC_WARN_UNUSED_VARIABLE = YES;
				IPHONEOS_DEPLOYMENT_TARGET = 10.3;
				MTL_ENABLE_DEBUG_INFO = YES;
				ONLY_ACTIVE_ARCH = YES;
				SDKROOT = iphoneos;
				SWIFT_ACTIVE_COMPILATION_CONDITIONS = DEBUG;
				SWIFT_OPTIMIZATION_LEVEL = "-Onone";
			};
			name = Debug;
		};
		AF7DD4E01ED3AA28005C880E /* Release */ = {
			isa = XCBuildConfiguration;
			buildSettings = {
				ALWAYS_SEARCH_USER_PATHS = NO;
				CLANG_ANALYZER_NONNULL = YES;
				CLANG_ANALYZER_NUMBER_OBJECT_CONVERSION = YES_AGGRESSIVE;
				CLANG_CXX_LANGUAGE_STANDARD = "gnu++0x";
				CLANG_CXX_LIBRARY = "libc++";
				CLANG_ENABLE_MODULES = YES;
				CLANG_ENABLE_OBJC_ARC = YES;
				CLANG_WARN_BOOL_CONVERSION = YES;
				CLANG_WARN_CONSTANT_CONVERSION = YES;
				CLANG_WARN_DIRECT_OBJC_ISA_USAGE = YES_ERROR;
				CLANG_WARN_DOCUMENTATION_COMMENTS = YES;
				CLANG_WARN_EMPTY_BODY = YES;
				CLANG_WARN_ENUM_CONVERSION = YES;
				CLANG_WARN_INFINITE_RECURSION = YES;
				CLANG_WARN_INT_CONVERSION = YES;
				CLANG_WARN_OBJC_ROOT_CLASS = YES_ERROR;
				CLANG_WARN_SUSPICIOUS_MOVE = YES;
				CLANG_WARN_UNREACHABLE_CODE = YES;
				CLANG_WARN__DUPLICATE_METHOD_MATCH = YES;
				"CODE_SIGN_IDENTITY[sdk=iphoneos*]" = "iPhone Developer";
				COPY_PHASE_STRIP = NO;
				DEBUG_INFORMATION_FORMAT = "dwarf-with-dsym";
				ENABLE_NS_ASSERTIONS = NO;
				ENABLE_STRICT_OBJC_MSGSEND = YES;
				GCC_C_LANGUAGE_STANDARD = gnu99;
				GCC_NO_COMMON_BLOCKS = YES;
				GCC_WARN_64_TO_32_BIT_CONVERSION = YES;
				GCC_WARN_ABOUT_RETURN_TYPE = YES_ERROR;
				GCC_WARN_UNDECLARED_SELECTOR = YES;
				GCC_WARN_UNINITIALIZED_AUTOS = YES_AGGRESSIVE;
				GCC_WARN_UNUSED_FUNCTION = YES;
				GCC_WARN_UNUSED_VARIABLE = YES;
				IPHONEOS_DEPLOYMENT_TARGET = 10.3;
				MTL_ENABLE_DEBUG_INFO = NO;
				SDKROOT = iphoneos;
				SWIFT_OPTIMIZATION_LEVEL = "-Owholemodule";
				VALIDATE_PRODUCT = YES;
			};
			name = Release;
		};
		AF7DD4E21ED3AA28005C880E /* Debug */ = {
			isa = XCBuildConfiguration;
			buildSettings = {
				ASSETCATALOG_COMPILER_APPICON_NAME = AppIcon;
				DEVELOPMENT_TEAM = ZTN88XGAW4;
				INFOPLIST_FILE = "AV Foundation/Info.plist";
				IPHONEOS_DEPLOYMENT_TARGET = 10.3;
				LD_RUNPATH_SEARCH_PATHS = "$(inherited) @executable_path/Frameworks";
				PRODUCT_BUNDLE_IDENTIFIER = com.appcoda.avfoundationdemo1;
				PRODUCT_NAME = "$(TARGET_NAME)";
				SWIFT_VERSION = 3.0;
			};
			name = Debug;
		};
		AF7DD4E31ED3AA28005C880E /* Release */ = {
			isa = XCBuildConfiguration;
			buildSettings = {
				ASSETCATALOG_COMPILER_APPICON_NAME = AppIcon;
				DEVELOPMENT_TEAM = ZTN88XGAW4;
				INFOPLIST_FILE = "AV Foundation/Info.plist";
				IPHONEOS_DEPLOYMENT_TARGET = 10.3;
				LD_RUNPATH_SEARCH_PATHS = "$(inherited) @executable_path/Frameworks";
				PRODUCT_BUNDLE_IDENTIFIER = com.appcoda.avfoundationdemo1;
				PRODUCT_NAME = "$(TARGET_NAME)";
				SWIFT_VERSION = 3.0;
			};
			name = Release;
		};
/* End XCBuildConfiguration section */

/* Begin XCConfigurationList section */
		AF7DD4CA1ED3AA28005C880E /* Build configuration list for PBXProject "AV Foundation" */ = {
			isa = XCConfigurationList;
			buildConfigurations = (
				AF7DD4DF1ED3AA28005C880E /* Debug */,
				AF7DD4E01ED3AA28005C880E /* Release */,
			);
			defaultConfigurationIsVisible = 0;
			defaultConfigurationName = Release;
		};
		AF7DD4E11ED3AA28005C880E /* Build configuration list for PBXNativeTarget "AV Foundation" */ = {
			isa = XCConfigurationList;
			buildConfigurations = (
				AF7DD4E21ED3AA28005C880E /* Debug */,
				AF7DD4E31ED3AA28005C880E /* Release */,
			);
			defaultConfigurationIsVisible = 0;
			defaultConfigurationName = Release;
		};
/* End XCConfigurationList section */
	};
	rootObject = AF7DD4C71ED3AA28005C880E /* Project object */;
}
